
Microsoft Visual Studio Solution File, Format Version 12.00
# Visual Studio Version 17
VisualStudioVersion = 17.12.35527.113 d17.12
MinimumVisualStudioVersion = 10.0.40219.1
Project("{FAE04EC0-301F-11D3-BF4B-00C04F79EFBC}") = "Computer_Hardware_Strore", "Computer_Hardware_Strore.csproj", "{B76FAC25-8B03-45FE-AD99-52A5741B187A}"
EndProject
Global
	GlobalSection(SolutionConfigurationPlatforms) = preSolution
		Debug|Any CPU = Debug|Any CPU
		Release|Any CPU = Release|Any CPU
	EndGlobalSection
	GlobalSection(ProjectConfigurationPlatforms) = postSolution
		{B76FAC25-8B03-45FE-AD99-52A5741B187A}.Debug|Any CPU.ActiveCfg = Debug|Any CPU
		{B76FAC25-8B03-45FE-AD99-52A5741B187A}.Debug|Any CPU.Build.0 = Debug|Any CPU
		{B76FAC25-8B03-45FE-AD99-52A5741B187A}.Release|Any CPU.ActiveCfg = Release|Any CPU
		{B76FAC25-8B03-45FE-AD99-52A5741B187A}.Release|Any CPU.Build.0 = Release|Any CPU
	EndGlobalSection
	GlobalSection(SolutionProperties) = preSolution
		HideSolutionNode = FALSE
	EndGlobalSection
EndGlobal
